
Microsoft Visual Studio Solution File, Format Version 12.00
# Visual Studio Version 16
VisualStudioVersion = 16.0.29613.14
MinimumVisualStudioVersion = 10.0.40219.1
Project("{FAE04EC0-301F-11D3-BF4B-00C04F79EFBC}") = "Emart.BuyerService", "Emart.BuyerService\Emart.BuyerService.csproj", "{A383C7E6-4BA8-4E6B-964A-FF1696EF766B}"
EndProject
Project("{FAE04EC0-301F-11D3-BF4B-00C04F79EFBC}") = "Emart.SellerService", "Emart.SellerService\Emart.SellerService.csproj", "{8FD2B478-9497-496B-A749-505F64EE5A03}"
EndProject
Project("{FAE04EC0-301F-11D3-BF4B-00C04F79EFBC}") = "Emart.Gateway", "Emart.Gateway\Emart.Gateway.csproj", "{02E14483-CE51-4735-8A9E-22879F75ADC9}"
EndProject
Project("{FAE04EC0-301F-11D3-BF4B-00C04F79EFBC}") = "Emart.AccountService", "Emart.AccountService\Emart.AccountService.csproj", "{C92F75BA-689B-4502-939C-67B993CEA08B}"
EndProject
Project("{FAE04EC0-301F-11D3-BF4B-00C04F79EFBC}") = "Emart.AdminService", "Emart.AdminService\Emart.AdminService.csproj", "{C70ED294-F88E-4964-8FE6-AF9F3EF84935}"
EndProject
Global
	GlobalSection(SolutionConfigurationPlatforms) = preSolution
		Debug|Any CPU = Debug|Any CPU
		Release|Any CPU = Release|Any CPU
	EndGlobalSection
	GlobalSection(ProjectConfigurationPlatforms) = postSolution
		{A383C7E6-4BA8-4E6B-964A-FF1696EF766B}.Debug|Any CPU.ActiveCfg = Debug|Any CPU
		{A383C7E6-4BA8-4E6B-964A-FF1696EF766B}.Debug|Any CPU.Build.0 = Debug|Any CPU
		{A383C7E6-4BA8-4E6B-964A-FF1696EF766B}.Release|Any CPU.ActiveCfg = Release|Any CPU
		{A383C7E6-4BA8-4E6B-964A-FF1696EF766B}.Release|Any CPU.Build.0 = Release|Any CPU
		{8FD2B478-9497-496B-A749-505F64EE5A03}.Debug|Any CPU.ActiveCfg = Debug|Any CPU
		{8FD2B478-9497-496B-A749-505F64EE5A03}.Debug|Any CPU.Build.0 = Debug|Any CPU
		{8FD2B478-9497-496B-A749-505F64EE5A03}.Release|Any CPU.ActiveCfg = Release|Any CPU
		{8FD2B478-9497-496B-A749-505F64EE5A03}.Release|Any CPU.Build.0 = Release|Any CPU
		{02E14483-CE51-4735-8A9E-22879F75ADC9}.Debug|Any CPU.ActiveCfg = Debug|Any CPU
		{02E14483-CE51-4735-8A9E-22879F75ADC9}.Debug|Any CPU.Build.0 = Debug|Any CPU
		{02E14483-CE51-4735-8A9E-22879F75ADC9}.Release|Any CPU.ActiveCfg = Release|Any CPU
		{02E14483-CE51-4735-8A9E-22879F75ADC9}.Release|Any CPU.Build.0 = Release|Any CPU
		{C92F75BA-689B-4502-939C-67B993CEA08B}.Debug|Any CPU.ActiveCfg = Debug|Any CPU
		{C92F75BA-689B-4502-939C-67B993CEA08B}.Debug|Any CPU.Build.0 = Debug|Any CPU
		{C92F75BA-689B-4502-939C-67B993CEA08B}.Release|Any CPU.ActiveCfg = Release|Any CPU
		{C92F75BA-689B-4502-939C-67B993CEA08B}.Release|Any CPU.Build.0 = Release|Any CPU
		{C70ED294-F88E-4964-8FE6-AF9F3EF84935}.Debug|Any CPU.ActiveCfg = Debug|Any CPU
		{C70ED294-F88E-4964-8FE6-AF9F3EF84935}.Debug|Any CPU.Build.0 = Debug|Any CPU
		{C70ED294-F88E-4964-8FE6-AF9F3EF84935}.Release|Any CPU.ActiveCfg = Release|Any CPU
		{C70ED294-F88E-4964-8FE6-AF9F3EF84935}.Release|Any CPU.Build.0 = Release|Any CPU
	EndGlobalSection
	GlobalSection(SolutionProperties) = preSolution
		HideSolutionNode = FALSE
	EndGlobalSection
	GlobalSection(ExtensibilityGlobals) = postSolution
		SolutionGuid = {FEE3BC35-A09E-4CF5-B56B-72212CEFB804}
	EndGlobalSection
EndGlobal
